
Microsoft Visual Studio Solution File, Format Version 12.00
# Visual Studio Version 16
VisualStudioVersion = 16.0.30114.105
MinimumVisualStudioVersion = 10.0.40219.1
Project("{9A19103F-16F7-4668-BE54-9A1E7A4F7556}") = "Laboratorio 10", "Laboratorio 10.csproj", "{44F620C3-10C2-4ABA-8880-849051DB489C}"
EndProject
Global
	GlobalSection(SolutionConfigurationPlatforms) = preSolution
		Debug|Any CPU = Debug|Any CPU
		Release|Any CPU = Release|Any CPU
	EndGlobalSection
	GlobalSection(ProjectConfigurationPlatforms) = postSolution
		{44F620C3-10C2-4ABA-8880-849051DB489C}.Debug|Any CPU.ActiveCfg = Debug|Any CPU
		{44F620C3-10C2-4ABA-8880-849051DB489C}.Debug|Any CPU.Build.0 = Debug|Any CPU
		{44F620C3-10C2-4ABA-8880-849051DB489C}.Release|Any CPU.ActiveCfg = Release|Any CPU
		{44F620C3-10C2-4ABA-8880-849051DB489C}.Release|Any CPU.Build.0 = Release|Any CPU
	EndGlobalSection
	GlobalSection(SolutionProperties) = preSolution
		HideSolutionNode = FALSE
	EndGlobalSection
	GlobalSection(ExtensibilityGlobals) = postSolution
		SolutionGuid = {8556C30B-A73F-442E-BFE9-F359DA94D9BE}
	EndGlobalSection
EndGlobal
